# This file is generated by running "yarn install" inside your project.
# Manual changes might be lost - proceed with caution!

__metadata:
  version: 5

"my-package@workspace:*, my-package@workspace:my-package":
  version: 0.0.0-use.local
  resolution: "my-package@workspace:my-package"
  languageName: unknown
  linkType: soft

"pnp-exports-map-import-bug@workspace:.":
  version: 0.0.0-use.local
  resolution: "pnp-exports-map-import-bug@workspace:."
  dependencies:
    my-package: "workspace:*"
  languageName: unknown
  linkType: soft
